// !$*UTF8*$!
{
	archiveVersion = 1;
	classes = {
	};
	objectVersion = 46;
	objects = {

/* Begin PBXBuildFile section */
		50949062F2BB6FAA010D6526 /* libPods-firebaseUITests.a in Frameworks */ = {isa = PBXBuildFile; fileRef = E64023C3FCF3F175D3B65E70 /* libPods-firebaseUITests.a */; };
		CA37B966409CBC02DB2553FC /* libPods-firebase.a in Frameworks */ = {isa = PBXBuildFile; fileRef = 928AEA55DDDC97D94EEBE6FF /* libPods-firebase.a */; };
		D711EFDF1FA50C1A001DD2DD /* GoogleService-Info.plist in Resources */ = {isa = PBXBuildFile; fileRef = D711EFDE1FA50C1A001DD2DD /* GoogleService-Info.plist */; };
		D711EFE51FA51302001DD2DD /* Lista.m in Sources */ = {isa = PBXBuildFile; fileRef = D711EFE41FA51302001DD2DD /* Lista.m */; };
		D7EDFE861FA4F37A004CD2BC /* main.m in Sources */ = {isa = PBXBuildFile; fileRef = D7EDFE851FA4F37A004CD2BC /* main.m */; };
		D7EDFE891FA4F37A004CD2BC /* AppDelegate.m in Sources */ = {isa = PBXBuildFile; fileRef = D7EDFE881FA4F37A004CD2BC /* AppDelegate.m */; };
		D7EDFE8C1FA4F37A004CD2BC /* Home.m in Sources */ = {isa = PBXBuildFile; fileRef = D7EDFE8B1FA4F37A004CD2BC /* Home.m */; };
		D7EDFE8F1FA4F37A004CD2BC /* Main.storyboard in Resources */ = {isa = PBXBuildFile; fileRef = D7EDFE8D1FA4F37A004CD2BC /* Main.storyboard */; };
		D7EDFE911FA4F37A004CD2BC /* Assets.xcassets in Resources */ = {isa = PBXBuildFile; fileRef = D7EDFE901FA4F37A004CD2BC /* Assets.xcassets */; };
		D7EDFE941FA4F37A004CD2BC /* LaunchScreen.storyboard in Resources */ = {isa = PBXBuildFile; fileRef = D7EDFE921FA4F37A004CD2BC /* LaunchScreen.storyboard */; };
		D7EDFE9F1FA4F37A004CD2BC /* firebaseTests.m in Sources */ = {isa = PBXBuildFile; fileRef = D7EDFE9E1FA4F37A004CD2BC /* firebaseTests.m */; };
		D7EDFEAA1FA4F37A004CD2BC /* firebaseUITests.m in Sources */ = {isa = PBXBuildFile; fileRef = D7EDFEA91FA4F37A004CD2BC /* firebaseUITests.m */; };
		F3C4A32F1CD15C6CEE24C988 /* libPods-firebaseTests.a in Frameworks */ = {isa = PBXBuildFile; fileRef = 9E25E3165FB17A57B666FD95 /* libPods-firebaseTests.a */; };
/* End PBXBuildFile section */

/* Begin PBXContainerItemProxy section */
		D7EDFE9B1FA4F37A004CD2BC /* PBXContainerItemProxy */ = {
			isa = PBXContainerItemProxy;
			containerPortal = D7EDFE791FA4F37A004CD2BC /* Project object */;
			proxyType = 1;
			remoteGlobalIDString = D7EDFE801FA4F37A004CD2BC;
			remoteInfo = firebase;
		};
		D7EDFEA61FA4F37A004CD2BC /* PBXContainerItemProxy */ = {
			isa = PBXContainerItemProxy;
			containerPortal = D7EDFE791FA4F37A004CD2BC /* Project object */;
			proxyType = 1;
			remoteGlobalIDString = D7EDFE801FA4F37A004CD2BC;
			remoteInfo = firebase;
		};
/* End PBXContainerItemProxy section */

/* Begin PBXFileReference section */
		0F467970C1970656631ACBD0 /* Pods-firebaseTests.release.xcconfig */ = {isa = PBXFileReference; includeInIndex = 1; lastKnownFileType = text.xcconfig; name = "Pods-firebaseTests.release.xcconfig"; path = "Pods/Target Support Files/Pods-firebaseTests/Pods-firebaseTests.release.xcconfig"; sourceTree = "<group>"; };
		39B488583E7E96E89F6EDA02 /* Pods-firebaseTests.debug.xcconfig */ = {isa = PBXFileReference; includeInIndex = 1; lastKnownFileType = text.xcconfig; name = "Pods-firebaseTests.debug.xcconfig"; path = "Pods/Target Support Files/Pods-firebaseTests/Pods-firebaseTests.debug.xcconfig"; sourceTree = "<group>"; };
		43E6C8686CED7DC7710A26F8 /* Pods-firebase.debug.xcconfig */ = {isa = PBXFileReference; includeInIndex = 1; lastKnownFileType = text.xcconfig; name = "Pods-firebase.debug.xcconfig"; path = "Pods/Target Support Files/Pods-firebase/Pods-firebase.debug.xcconfig"; sourceTree = "<group>"; };
		928AEA55DDDC97D94EEBE6FF /* libPods-firebase.a */ = {isa = PBXFileReference; explicitFileType = archive.ar; includeInIndex = 0; path = "libPods-firebase.a"; sourceTree = BUILT_PRODUCTS_DIR; };
		9E25E3165FB17A57B666FD95 /* libPods-firebaseTests.a */ = {isa = PBXFileReference; explicitFileType = archive.ar; includeInIndex = 0; path = "libPods-firebaseTests.a"; sourceTree = BUILT_PRODUCTS_DIR; };
		9EF86244C5A22F045EA911B3 /* Pods-firebase.release.xcconfig */ = {isa = PBXFileReference; includeInIndex = 1; lastKnownFileType = text.xcconfig; name = "Pods-firebase.release.xcconfig"; path = "Pods/Target Support Files/Pods-firebase/Pods-firebase.release.xcconfig"; sourceTree = "<group>"; };
		A2FD22D7586C9FBD08C953F7 /* Pods-firebaseUITests.release.xcconfig */ = {isa = PBXFileReference; includeInIndex = 1; lastKnownFileType = text.xcconfig; name = "Pods-firebaseUITests.release.xcconfig"; path = "Pods/Target Support Files/Pods-firebaseUITests/Pods-firebaseUITests.release.xcconfig"; sourceTree = "<group>"; };
		D711EFDE1FA50C1A001DD2DD /* GoogleService-Info.plist */ = {isa = PBXFileReference; fileEncoding = 4; lastKnownFileType = text.plist.xml; path = "GoogleService-Info.plist"; sourceTree = "<group>"; };
		D711EFE31FA51302001DD2DD /* Lista.h */ = {isa = PBXFileReference; fileEncoding = 4; lastKnownFileType = sourcecode.c.h; path = Lista.h; sourceTree = "<group>"; };
		D711EFE41FA51302001DD2DD /* Lista.m */ = {isa = PBXFileReference; fileEncoding = 4; lastKnownFileType = sourcecode.c.objc; path = Lista.m; sourceTree = "<group>"; };
		D7EDFE811FA4F37A004CD2BC /* firebase.app */ = {isa = PBXFileReference; explicitFileType = wrapper.application; includeInIndex = 0; path = firebase.app; sourceTree = BUILT_PRODUCTS_DIR; };
		D7EDFE851FA4F37A004CD2BC /* main.m */ = {isa = PBXFileReference; lastKnownFileType = sourcecode.c.objc; path = main.m; sourceTree = "<group>"; };
		D7EDFE871FA4F37A004CD2BC /* AppDelegate.h */ = {isa = PBXFileReference; lastKnownFileType = sourcecode.c.h; path = AppDelegate.h; sourceTree = "<group>"; };
		D7EDFE881FA4F37A004CD2BC /* AppDelegate.m */ = {isa = PBXFileReference; lastKnownFileType = sourcecode.c.objc; path = AppDelegate.m; sourceTree = "<group>"; };
		D7EDFE8A1FA4F37A004CD2BC /* Home.h */ = {isa = PBXFileReference; lastKnownFileType = sourcecode.c.h; path = Home.h; sourceTree = "<group>"; };
		D7EDFE8B1FA4F37A004CD2BC /* Home.m */ = {isa = PBXFileReference; lastKnownFileType = sourcecode.c.objc; path = Home.m; sourceTree = "<group>"; };
		D7EDFE8E1FA4F37A004CD2BC /* Base */ = {isa = PBXFileReference; lastKnownFileType = file.storyboard; name = Base; path = Base.lproj/Main.storyboard; sourceTree = "<group>"; };
		D7EDFE901FA4F37A004CD2BC /* Assets.xcassets */ = {isa = PBXFileReference; lastKnownFileType = folder.assetcatalog; path = Assets.xcassets; sourceTree = "<group>"; };
		D7EDFE931FA4F37A004CD2BC /* Base */ = {isa = PBXFileReference; lastKnownFileType = file.storyboard; name = Base; path = Base.lproj/LaunchScreen.storyboard; sourceTree = "<group>"; };
		D7EDFE951FA4F37A004CD2BC /* Info.plist */ = {isa = PBXFileReference; lastKnownFileType = text.plist.xml; path = Info.plist; sourceTree = "<group>"; };
		D7EDFE9A1FA4F37A004CD2BC /* firebaseTests.xctest */ = {isa = PBXFileReference; explicitFileType = wrapper.cfbundle; includeInIndex = 0; path = firebaseTests.xctest; sourceTree = BUILT_PRODUCTS_DIR; };
		D7EDFE9E1FA4F37A004CD2BC /* firebaseTests.m */ = {isa = PBXFileReference; lastKnownFileType = sourcecode.c.objc; path = firebaseTests.m; sourceTree = "<group>"; };
		D7EDFEA01FA4F37A004CD2BC /* Info.plist */ = {isa = PBXFileReference; lastKnownFileType = text.plist.xml; path = Info.plist; sourceTree = "<group>"; };
		D7EDFEA51FA4F37A004CD2BC /* firebaseUITests.xctest */ = {isa = PBXFileReference; explicitFileType = wrapper.cfbundle; includeInIndex = 0; path = firebaseUITests.xctest; sourceTree = BUILT_PRODUCTS_DIR; };
		D7EDFEA91FA4F37A004CD2BC /* firebaseUITests.m */ = {isa = PBXFileReference; lastKnownFileType = sourcecode.c.objc; path = firebaseUITests.m; sourceTree = "<group>"; };
		D7EDFEAB1FA4F37B004CD2BC /* Info.plist */ = {isa = PBXFileReference; lastKnownFileType = text.plist.xml; path = Info.plist; sourceTree = "<group>"; };
		E2B599F3F065261B97975297 /* Pods-firebaseUITests.debug.xcconfig */ = {isa = PBXFileReference; includeInIndex = 1; lastKnownFileType = text.xcconfig; name = "Pods-firebaseUITests.debug.xcconfig"; path = "Pods/Target Support Files/Pods-firebaseUITests/Pods-firebaseUITests.debug.xcconfig"; sourceTree = "<group>"; };
		E64023C3FCF3F175D3B65E70 /* libPods-firebaseUITests.a */ = {isa = PBXFileReference; explicitFileType = archive.ar; includeInIndex = 0; path = "libPods-firebaseUITests.a"; sourceTree = BUILT_PRODUCTS_DIR; };
/* End PBXFileReference section */

/* Begin PBXFrameworksBuildPhase section */
		D7EDFE7E1FA4F37A004CD2BC /* Frameworks */ = {
			isa = PBXFrameworksBuildPhase;
			buildActionMask = 2147483647;
			files = (
				CA37B966409CBC02DB2553FC /* libPods-firebase.a in Frameworks */,
			);
			runOnlyForDeploymentPostprocessing = 0;
		};
		D7EDFE971FA4F37A004CD2BC /* Frameworks */ = {
			isa = PBXFrameworksBuildPhase;
			buildActionMask = 2147483647;
			files = (
				F3C4A32F1CD15C6CEE24C988 /* libPods-firebaseTests.a in Frameworks */,
			);
			runOnlyForDeploymentPostprocessing = 0;
		};
		D7EDFEA21FA4F37A004CD2BC /* Frameworks */ = {
			isa = PBXFrameworksBuildPhase;
			buildActionMask = 2147483647;
			files = (
				50949062F2BB6FAA010D6526 /* libPods-firebaseUITests.a in Frameworks */,
			);
			runOnlyForDeploymentPostprocessing = 0;
		};
/* End PBXFrameworksBuildPhase section */

/* Begin PBXGroup section */
		A25086566630C7B7F52B0FD7 /* Pods */ = {
			isa = PBXGroup;
			children = (
				43E6C8686CED7DC7710A26F8 /* Pods-firebase.debug.xcconfig */,
				9EF86244C5A22F045EA911B3 /* Pods-firebase.release.xcconfig */,
				39B488583E7E96E89F6EDA02 /* Pods-firebaseTests.debug.xcconfig */,
				0F467970C1970656631ACBD0 /* Pods-firebaseTests.release.xcconfig */,
				E2B599F3F065261B97975297 /* Pods-firebaseUITests.debug.xcconfig */,
				A2FD22D7586C9FBD08C953F7 /* Pods-firebaseUITests.release.xcconfig */,
			);
			name = Pods;
			sourceTree = "<group>";
		};
		D6F59E56698581FBC54D560A /* Frameworks */ = {
			isa = PBXGroup;
			children = (
				928AEA55DDDC97D94EEBE6FF /* libPods-firebase.a */,
				9E25E3165FB17A57B666FD95 /* libPods-firebaseTests.a */,
				E64023C3FCF3F175D3B65E70 /* libPods-firebaseUITests.a */,
			);
			name = Frameworks;
			sourceTree = "<group>";
		};
		D7EDFE781FA4F37A004CD2BC = {
			isa = PBXGroup;
			children = (
				D7EDFE831FA4F37A004CD2BC /* firebase */,
				D7EDFE9D1FA4F37A004CD2BC /* firebaseTests */,
				D7EDFEA81FA4F37A004CD2BC /* firebaseUITests */,
				D7EDFE821FA4F37A004CD2BC /* Products */,
				A25086566630C7B7F52B0FD7 /* Pods */,
				D6F59E56698581FBC54D560A /* Frameworks */,
			);
			sourceTree = "<group>";
		};
		D7EDFE821FA4F37A004CD2BC /* Products */ = {
			isa = PBXGroup;
			children = (
				D7EDFE811FA4F37A004CD2BC /* firebase.app */,
				D7EDFE9A1FA4F37A004CD2BC /* firebaseTests.xctest */,
				D7EDFEA51FA4F37A004CD2BC /* firebaseUITests.xctest */,
			);
			name = Products;
			sourceTree = "<group>";
		};
		D7EDFE831FA4F37A004CD2BC /* firebase */ = {
			isa = PBXGroup;
			children = (
				D7EDFEB81FA4F3B3004CD2BC /* Controller */,
				D7EDFEB71FA4F389004CD2BC /* Main */,
				D7EDFE8D1FA4F37A004CD2BC /* Main.storyboard */,
				D7EDFE901FA4F37A004CD2BC /* Assets.xcassets */,
				D7EDFE921FA4F37A004CD2BC /* LaunchScreen.storyboard */,
				D7EDFE951FA4F37A004CD2BC /* Info.plist */,
				D711EFDE1FA50C1A001DD2DD /* GoogleService-Info.plist */,
				D7EDFE841FA4F37A004CD2BC /* Supporting Files */,
			);
			path = firebase;
			sourceTree = "<group>";
		};
		D7EDFE841FA4F37A004CD2BC /* Supporting Files */ = {
			isa = PBXGroup;
			children = (
				D7EDFE851FA4F37A004CD2BC /* main.m */,
			);
			name = "Supporting Files";
			sourceTree = "<group>";
		};
		D7EDFE9D1FA4F37A004CD2BC /* firebaseTests */ = {
			isa = PBXGroup;
			children = (
				D7EDFE9E1FA4F37A004CD2BC /* firebaseTests.m */,
				D7EDFEA01FA4F37A004CD2BC /* Info.plist */,
			);
			path = firebaseTests;
			sourceTree = "<group>";
		};
		D7EDFEA81FA4F37A004CD2BC /* firebaseUITests */ = {
			isa = PBXGroup;
			children = (
				D7EDFEA91FA4F37A004CD2BC /* firebaseUITests.m */,
				D7EDFEAB1FA4F37B004CD2BC /* Info.plist */,
			);
			path = firebaseUITests;
			sourceTree = "<group>";
		};
		D7EDFEB71FA4F389004CD2BC /* Main */ = {
			isa = PBXGroup;
			children = (
				D7EDFE871FA4F37A004CD2BC /* AppDelegate.h */,
				D7EDFE881FA4F37A004CD2BC /* AppDelegate.m */,
			);
			name = Main;
			sourceTree = "<group>";
		};
		D7EDFEB81FA4F3B3004CD2BC /* Controller */ = {
			isa = PBXGroup;
			children = (
				D7EDFE8A1FA4F37A004CD2BC /* Home.h */,
				D7EDFE8B1FA4F37A004CD2BC /* Home.m */,
				D711EFE31FA51302001DD2DD /* Lista.h */,
				D711EFE41FA51302001DD2DD /* Lista.m */,
			);
			name = Controller;
			sourceTree = "<group>";
		};
/* End PBXGroup section */

/* Begin PBXNativeTarget section */
		D7EDFE801FA4F37A004CD2BC /* firebase */ = {
			isa = PBXNativeTarget;
			buildConfigurationList = D7EDFEAE1FA4F37B004CD2BC /* Build configuration list for PBXNativeTarget "firebase" */;
			buildPhases = (
				67DE5A55559032D8326EE5FA /* [CP] Check Pods Manifest.lock */,
				D7EDFE7D1FA4F37A004CD2BC /* Sources */,
				D7EDFE7E1FA4F37A004CD2BC /* Frameworks */,
				D7EDFE7F1FA4F37A004CD2BC /* Resources */,
				C66C29CF79D9657373CE24A7 /* [CP] Embed Pods Frameworks */,
				8F4C12E6C2C72E914C38F4B8 /* [CP] Copy Pods Resources */,
			);
			buildRules = (
			);
			dependencies = (
			);
			name = firebase;
			productName = firebase;
			productReference = D7EDFE811FA4F37A004CD2BC /* firebase.app */;
			productType = "com.apple.product-type.application";
		};
		D7EDFE991FA4F37A004CD2BC /* firebaseTests */ = {
			isa = PBXNativeTarget;
			buildConfigurationList = D7EDFEB11FA4F37B004CD2BC /* Build configuration list for PBXNativeTarget "firebaseTests" */;
			buildPhases = (
				BDD608978F490BA4779B85FC /* [CP] Check Pods Manifest.lock */,
				D7EDFE961FA4F37A004CD2BC /* Sources */,
				D7EDFE971FA4F37A004CD2BC /* Frameworks */,
				D7EDFE981FA4F37A004CD2BC /* Resources */,
				93ADB0BA4BCB78F553822C4B /* [CP] Embed Pods Frameworks */,
				E659FB0E34FB8A5AAA9341BA /* [CP] Copy Pods Resources */,
			);
			buildRules = (
			);
			dependencies = (
				D7EDFE9C1FA4F37A004CD2BC /* PBXTargetDependency */,
			);
			name = firebaseTests;
			productName = firebaseTests;
			productReference = D7EDFE9A1FA4F37A004CD2BC /* firebaseTests.xctest */;
			productType = "com.apple.product-type.bundle.unit-test";
		};
		D7EDFEA41FA4F37A004CD2BC /* firebaseUITests */ = {
			isa = PBXNativeTarget;
			buildConfigurationList = D7EDFEB41FA4F37B004CD2BC /* Build configuration list for PBXNativeTarget "firebaseUITests" */;
			buildPhases = (
				340C1FF3D942E72FB9BC669D /* [CP] Check Pods Manifest.lock */,
				D7EDFEA11FA4F37A004CD2BC /* Sources */,
				D7EDFEA21FA4F37A004CD2BC /* Frameworks */,
				D7EDFEA31FA4F37A004CD2BC /* Resources */,
				7E433AF213C8C8258989C22C /* [CP] Embed Pods Frameworks */,
				2B264981E756C3B036F62E35 /* [CP] Copy Pods Resources */,
			);
			buildRules = (
			);
			dependencies = (
				D7EDFEA71FA4F37A004CD2BC /* PBXTargetDependency */,
			);
			name = firebaseUITests;
			productName = firebaseUITests;
			productReference = D7EDFEA51FA4F37A004CD2BC /* firebaseUITests.xctest */;
			productType = "com.apple.product-type.bundle.ui-testing";
		};
/* End PBXNativeTarget section */

/* Begin PBXProject section */
		D7EDFE791FA4F37A004CD2BC /* Project object */ = {
			isa = PBXProject;
			attributes = {
				LastUpgradeCheck = 0830;
				ORGANIZATIONNAME = silver;
				TargetAttributes = {
					D7EDFE801FA4F37A004CD2BC = {
						CreatedOnToolsVersion = 8.3.3;
						ProvisioningStyle = Automatic;
					};
					D7EDFE991FA4F37A004CD2BC = {
						CreatedOnToolsVersion = 8.3.3;
						ProvisioningStyle = Automatic;
						TestTargetID = D7EDFE801FA4F37A004CD2BC;
					};
					D7EDFEA41FA4F37A004CD2BC = {
						CreatedOnToolsVersion = 8.3.3;
						ProvisioningStyle = Automatic;
						TestTargetID = D7EDFE801FA4F37A004CD2BC;
					};
				};
			};
			buildConfigurationList = D7EDFE7C1FA4F37A004CD2BC /* Build configuration list for PBXProject "firebase" */;
			compatibilityVersion = "Xcode 3.2";
			developmentRegion = English;
			hasScannedForEncodings = 0;
			knownRegions = (
				en,
				Base,
			);
			mainGroup = D7EDFE781FA4F37A004CD2BC;
			productRefGroup = D7EDFE821FA4F37A004CD2BC /* Products */;
			projectDirPath = "";
			projectRoot = "";
			targets = (
				D7EDFE801FA4F37A004CD2BC /* firebase */,
				D7EDFE991FA4F37A004CD2BC /* firebaseTests */,
				D7EDFEA41FA4F37A004CD2BC /* firebaseUITests */,
			);
		};
/* End PBXProject section */

/* Begin PBXResourcesBuildPhase section */
		D7EDFE7F1FA4F37A004CD2BC /* Resources */ = {
			isa = PBXResourcesBuildPhase;
			buildActionMask = 2147483647;
			files = (
				D7EDFE941FA4F37A004CD2BC /* LaunchScreen.storyboard in Resources */,
				D711EFDF1FA50C1A001DD2DD /* GoogleService-Info.plist in Resources */,
				D7EDFE911FA4F37A004CD2BC /* Assets.xcassets in Resources */,
				D7EDFE8F1FA4F37A004CD2BC /* Main.storyboard in Resources */,
			);
			runOnlyForDeploymentPostprocessing = 0;
		};
		D7EDFE981FA4F37A004CD2BC /* Resources */ = {
			isa = PBXResourcesBuildPhase;
			buildActionMask = 2147483647;
			files = (
			);
			runOnlyForDeploymentPostprocessing = 0;
		};
		D7EDFEA31FA4F37A004CD2BC /* Resources */ = {
			isa = PBXResourcesBuildPhase;
			buildActionMask = 2147483647;
			files = (
			);
			runOnlyForDeploymentPostprocessing = 0;
		};
/* End PBXResourcesBuildPhase section */

/* Begin PBXShellScriptBuildPhase section */
		2B264981E756C3B036F62E35 /* [CP] Copy Pods Resources */ = {
			isa = PBXShellScriptBuildPhase;
			buildActionMask = 2147483647;
			files = (
			);
			inputPaths = (
			);
			name = "[CP] Copy Pods Resources";
			outputPaths = (
			);
			runOnlyForDeploymentPostprocessing = 0;
			shellPath = /bin/sh;
			shellScript = "\"${SRCROOT}/Pods/Target Support Files/Pods-firebaseUITests/Pods-firebaseUITests-resources.sh\"\n";
			showEnvVarsInLog = 0;
		};
		340C1FF3D942E72FB9BC669D /* [CP] Check Pods Manifest.lock */ = {
			isa = PBXShellScriptBuildPhase;
			buildActionMask = 2147483647;
			files = (
			);
			inputPaths = (
				"${PODS_PODFILE_DIR_PATH}/Podfile.lock",
				"${PODS_ROOT}/Manifest.lock",
			);
			name = "[CP] Check Pods Manifest.lock";
			outputPaths = (
				"$(DERIVED_FILE_DIR)/Pods-firebaseUITests-checkManifestLockResult.txt",
			);
			runOnlyForDeploymentPostprocessing = 0;
			shellPath = /bin/sh;
			shellScript = "diff \"${PODS_PODFILE_DIR_PATH}/Podfile.lock\" \"${PODS_ROOT}/Manifest.lock\" > /dev/null\nif [ $? != 0 ] ; then\n    # print error to STDERR\n    echo \"error: The sandbox is not in sync with the Podfile.lock. Run 'pod install' or update your CocoaPods installation.\" >&2\n    exit 1\nfi\n# This output is used by Xcode 'outputs' to avoid re-running this script phase.\necho \"SUCCESS\" > \"${SCRIPT_OUTPUT_FILE_0}\"\n";
			showEnvVarsInLog = 0;
		};
		67DE5A55559032D8326EE5FA /* [CP] Check Pods Manifest.lock */ = {
			isa = PBXShellScriptBuildPhase;
			buildActionMask = 2147483647;
			files = (
			);
			inputPaths = (
				"${PODS_PODFILE_DIR_PATH}/Podfile.lock",
				"${PODS_ROOT}/Manifest.lock",
			);
			name = "[CP] Check Pods Manifest.lock";
			outputPaths = (
				"$(DERIVED_FILE_DIR)/Pods-firebase-checkManifestLockResult.txt",
			);
			runOnlyForDeploymentPostprocessing = 0;
			shellPath = /bin/sh;
			shellScript = "diff \"${PODS_PODFILE_DIR_PATH}/Podfile.lock\" \"${PODS_ROOT}/Manifest.lock\" > /dev/null\nif [ $? != 0 ] ; then\n    # print error to STDERR\n    echo \"error: The sandbox is not in sync with the Podfile.lock. Run 'pod install' or update your CocoaPods installation.\" >&2\n    exit 1\nfi\n# This output is used by Xcode 'outputs' to avoid re-running this script phase.\necho \"SUCCESS\" > \"${SCRIPT_OUTPUT_FILE_0}\"\n";
			showEnvVarsInLog = 0;
		};
		7E433AF213C8C8258989C22C /* [CP] Embed Pods Frameworks */ = {
			isa = PBXShellScriptBuildPhase;
			buildActionMask = 2147483647;
			files = (
			);
			inputPaths = (
			);
			name = "[CP] Embed Pods Frameworks";
			outputPaths = (
			);
			runOnlyForDeploymentPostprocessing = 0;
			shellPath = /bin/sh;
			shellScript = "\"${SRCROOT}/Pods/Target Support Files/Pods-firebaseUITests/Pods-firebaseUITests-frameworks.sh\"\n";
			showEnvVarsInLog = 0;
		};
		8F4C12E6C2C72E914C38F4B8 /* [CP] Copy Pods Resources */ = {
			isa = PBXShellScriptBuildPhase;
			buildActionMask = 2147483647;
			files = (
			);
			inputPaths = (
			);
			name = "[CP] Copy Pods Resources";
			outputPaths = (
			);
			runOnlyForDeploymentPostprocessing = 0;
			shellPath = /bin/sh;
			shellScript = "\"${SRCROOT}/Pods/Target Support Files/Pods-firebase/Pods-firebase-resources.sh\"\n";
			showEnvVarsInLog = 0;
		};
		93ADB0BA4BCB78F553822C4B /* [CP] Embed Pods Frameworks */ = {
			isa = PBXShellScriptBuildPhase;
			buildActionMask = 2147483647;
			files = (
			);
			inputPaths = (
			);
			name = "[CP] Embed Pods Frameworks";
			outputPaths = (
			);
			runOnlyForDeploymentPostprocessing = 0;
			shellPath = /bin/sh;
			shellScript = "\"${SRCROOT}/Pods/Target Support Files/Pods-firebaseTests/Pods-firebaseTests-frameworks.sh\"\n";
			showEnvVarsInLog = 0;
		};
		BDD608978F490BA4779B85FC /* [CP] Check Pods Manifest.lock */ = {
			isa = PBXShellScriptBuildPhase;
			buildActionMask = 2147483647;
			files = (
			);
			inputPaths = (
				"${PODS_PODFILE_DIR_PATH}/Podfile.lock",
				"${PODS_ROOT}/Manifest.lock",
			);
			name = "[CP] Check Pods Manifest.lock";
			outputPaths = (
				"$(DERIVED_FILE_DIR)/Pods-firebaseTests-checkManifestLockResult.txt",
			);
			runOnlyForDeploymentPostprocessing = 0;
			shellPath = /bin/sh;
			shellScript = "diff \"${PODS_PODFILE_DIR_PATH}/Podfile.lock\" \"${PODS_ROOT}/Manifest.lock\" > /dev/null\nif [ $? != 0 ] ; then\n    # print error to STDERR\n    echo \"error: The sandbox is not in sync with the Podfile.lock. Run 'pod install' or update your CocoaPods installation.\" >&2\n    exit 1\nfi\n# This output is used by Xcode 'outputs' to avoid re-running this script phase.\necho \"SUCCESS\" > \"${SCRIPT_OUTPUT_FILE_0}\"\n";
			showEnvVarsInLog = 0;
		};
		C66C29CF79D9657373CE24A7 /* [CP] Embed Pods Frameworks */ = {
			isa = PBXShellScriptBuildPhase;
			buildActionMask = 2147483647;
			files = (
			);
			inputPaths = (
			);
			name = "[CP] Embed Pods Frameworks";
			outputPaths = (
			);
			runOnlyForDeploymentPostprocessing = 0;
			shellPath = /bin/sh;
			shellScript = "\"${SRCROOT}/Pods/Target Support Files/Pods-firebase/Pods-firebase-frameworks.sh\"\n";
			showEnvVarsInLog = 0;
		};
		E659FB0E34FB8A5AAA9341BA /* [CP] Copy Pods Resources */ = {
			isa = PBXShellScriptBuildPhase;
			buildActionMask = 2147483647;
			files = (
			);
			inputPaths = (
			);
			name = "[CP] Copy Pods Resources";
			outputPaths = (
			);
			runOnlyForDeploymentPostprocessing = 0;
			shellPath = /bin/sh;
			shellScript = "\"${SRCROOT}/Pods/Target Support Files/Pods-firebaseTests/Pods-firebaseTests-resources.sh\"\n";
			showEnvVarsInLog = 0;
		};
/* End PBXShellScriptBuildPhase section */

/* Begin PBXSourcesBuildPhase section */
		D7EDFE7D1FA4F37A004CD2BC /* Sources */ = {
			isa = PBXSourcesBuildPhase;
			buildActionMask = 2147483647;
			files = (
				D7EDFE8C1FA4F37A004CD2BC /* Home.m in Sources */,
				D7EDFE891FA4F37A004CD2BC /* AppDelegate.m in Sources */,
				D7EDFE861FA4F37A004CD2BC /* main.m in Sources */,
				D711EFE51FA51302001DD2DD /* Lista.m in Sources */,
			);
			runOnlyForDeploymentPostprocessing = 0;
		};
		D7EDFE961FA4F37A004CD2BC /* Sources */ = {
			isa = PBXSourcesBuildPhase;
			buildActionMask = 2147483647;
			files = (
				D7EDFE9F1FA4F37A004CD2BC /* firebaseTests.m in Sources */,
			);
			runOnlyForDeploymentPostprocessing = 0;
		};
		D7EDFEA11FA4F37A004CD2BC /* Sources */ = {
			isa = PBXSourcesBuildPhase;
			buildActionMask = 2147483647;
			files = (
				D7EDFEAA1FA4F37A004CD2BC /* firebaseUITests.m in Sources */,
			);
			runOnlyForDeploymentPostprocessing = 0;
		};
/* End PBXSourcesBuildPhase section */

/* Begin PBXTargetDependency section */
		D7EDFE9C1FA4F37A004CD2BC /* PBXTargetDependency */ = {
			isa = PBXTargetDependency;
			target = D7EDFE801FA4F37A004CD2BC /* firebase */;
			targetProxy = D7EDFE9B1FA4F37A004CD2BC /* PBXContainerItemProxy */;
		};
		D7EDFEA71FA4F37A004CD2BC /* PBXTargetDependency */ = {
			isa = PBXTargetDependency;
			target = D7EDFE801FA4F37A004CD2BC /* firebase */;
			targetProxy = D7EDFEA61FA4F37A004CD2BC /* PBXContainerItemProxy */;
		};
/* End PBXTargetDependency section */

/* Begin PBXVariantGroup section */
		D7EDFE8D1FA4F37A004CD2BC /* Main.storyboard */ = {
			isa = PBXVariantGroup;
			children = (
				D7EDFE8E1FA4F37A004CD2BC /* Base */,
			);
			name = Main.storyboard;
			sourceTree = "<group>";
		};
		D7EDFE921FA4F37A004CD2BC /* LaunchScreen.storyboard */ = {
			isa = PBXVariantGroup;
			children = (
				D7EDFE931FA4F37A004CD2BC /* Base */,
			);
			name = LaunchScreen.storyboard;
			sourceTree = "<group>";
		};
/* End PBXVariantGroup section */

/* Begin XCBuildConfiguration section */
		D7EDFEAC1FA4F37B004CD2BC /* Debug */ = {
			isa = XCBuildConfiguration;
			buildSettings = {
				ALWAYS_SEARCH_USER_PATHS = NO;
				CLANG_ANALYZER_NONNULL = YES;
				CLANG_ANALYZER_NUMBER_OBJECT_CONVERSION = YES_AGGRESSIVE;
				CLANG_CXX_LANGUAGE_STANDARD = "gnu++0x";
				CLANG_CXX_LIBRARY = "libc++";
				CLANG_ENABLE_MODULES = YES;
				CLANG_ENABLE_OBJC_ARC = YES;
				CLANG_WARN_BOOL_CONVERSION = YES;
				CLANG_WARN_CONSTANT_CONVERSION = YES;
				CLANG_WARN_DIRECT_OBJC_ISA_USAGE = YES_ERROR;
				CLANG_WARN_DOCUMENTATION_COMMENTS = YES;
				CLANG_WARN_EMPTY_BODY = YES;
				CLANG_WARN_ENUM_CONVERSION = YES;
				CLANG_WARN_INFINITE_RECURSION = YES;
				CLANG_WARN_INT_CONVERSION = YES;
				CLANG_WARN_OBJC_ROOT_CLASS = YES_ERROR;
				CLANG_WARN_SUSPICIOUS_MOVE = YES;
				CLANG_WARN_UNREACHABLE_CODE = YES;
				CLANG_WARN__DUPLICATE_METHOD_MATCH = YES;
				"CODE_SIGN_IDENTITY[sdk=iphoneos*]" = "iPhone Developer";
				COPY_PHASE_STRIP = NO;
				DEBUG_INFORMATION_FORMAT = dwarf;
				ENABLE_STRICT_OBJC_MSGSEND = YES;
				ENABLE_TESTABILITY = YES;
				GCC_C_LANGUAGE_STANDARD = gnu99;
				GCC_DYNAMIC_NO_PIC = NO;
				GCC_NO_COMMON_BLOCKS = YES;
				GCC_OPTIMIZATION_LEVEL = 0;
				GCC_PREPROCESSOR_DEFINITIONS = (
					"DEBUG=1",
					"$(inherited)",
				);
				GCC_WARN_64_TO_32_BIT_CONVERSION = YES;
				GCC_WARN_ABOUT_RETURN_TYPE = YES_ERROR;
				GCC_WARN_UNDECLARED_SELECTOR = YES;
				GCC_WARN_UNINITIALIZED_AUTOS = YES_AGGRESSIVE;
				GCC_WARN_UNUSED_FUNCTION = YES;
				GCC_WARN_UNUSED_VARIABLE = YES;
				IPHONEOS_DEPLOYMENT_TARGET = 10.3;
				MTL_ENABLE_DEBUG_INFO = YES;
				ONLY_ACTIVE_ARCH = YES;
				SDKROOT = iphoneos;
			};
			name = Debug;
		};
		D7EDFEAD1FA4F37B004CD2BC /* Release */ = {
			isa = XCBuildConfiguration;
			buildSettings = {
				ALWAYS_SEARCH_USER_PATHS = NO;
				CLANG_ANALYZER_NONNULL = YES;
				CLANG_ANALYZER_NUMBER_OBJECT_CONVERSION = YES_AGGRESSIVE;
				CLANG_CXX_LANGUAGE_STANDARD = "gnu++0x";
				CLANG_CXX_LIBRARY = "libc++";
				CLANG_ENABLE_MODULES = YES;
				CLANG_ENABLE_OBJC_ARC = YES;
				CLANG_WARN_BOOL_CONVERSION = YES;
				CLANG_WARN_CONSTANT_CONVERSION = YES;
				CLANG_WARN_DIRECT_OBJC_ISA_USAGE = YES_ERROR;
				CLANG_WARN_DOCUMENTATION_COMMENTS = YES;
				CLANG_WARN_EMPTY_BODY = YES;
				CLANG_WARN_ENUM_CONVERSION = YES;
				CLANG_WARN_INFINITE_RECURSION = YES;
				CLANG_WARN_INT_CONVERSION = YES;
				CLANG_WARN_OBJC_ROOT_CLASS = YES_ERROR;
				CLANG_WARN_SUSPICIOUS_MOVE = YES;
				CLANG_WARN_UNREACHABLE_CODE = YES;
				CLANG_WARN__DUPLICATE_METHOD_MATCH = YES;
				"CODE_SIGN_IDENTITY[sdk=iphoneos*]" = "iPhone Developer";
				COPY_PHASE_STRIP = NO;
				DEBUG_INFORMATION_FORMAT = "dwarf-with-dsym";
				ENABLE_NS_ASSERTIONS = NO;
				ENABLE_STRICT_OBJC_MSGSEND = YES;
				GCC_C_LANGUAGE_STANDARD = gnu99;
				GCC_NO_COMMON_BLOCKS = YES;
				GCC_WARN_64_TO_32_BIT_CONVERSION = YES;
				GCC_WARN_ABOUT_RETURN_TYPE = YES_ERROR;
				GCC_WARN_UNDECLARED_SELECTOR = YES;
				GCC_WARN_UNINITIALIZED_AUTOS = YES_AGGRESSIVE;
				GCC_WARN_UNUSED_FUNCTION = YES;
				GCC_WARN_UNUSED_VARIABLE = YES;
				IPHONEOS_DEPLOYMENT_TARGET = 10.3;
				MTL_ENABLE_DEBUG_INFO = NO;
				SDKROOT = iphoneos;
				VALIDATE_PRODUCT = YES;
			};
			name = Release;
		};
		D7EDFEAF1FA4F37B004CD2BC /* Debug */ = {
			isa = XCBuildConfiguration;
			baseConfigurationReference = 43E6C8686CED7DC7710A26F8 /* Pods-firebase.debug.xcconfig */;
			buildSettings = {
				ASSETCATALOG_COMPILER_APPICON_NAME = AppIcon;
				INFOPLIST_FILE = firebase/Info.plist;
				LD_RUNPATH_SEARCH_PATHS = "$(inherited) @executable_path/Frameworks";
				PRODUCT_BUNDLE_IDENTIFIER = com.silver.firebase;
				PRODUCT_NAME = "$(TARGET_NAME)";
			};
			name = Debug;
		};
		D7EDFEB01FA4F37B004CD2BC /* Release */ = {
			isa = XCBuildConfiguration;
			baseConfigurationReference = 9EF86244C5A22F045EA911B3 /* Pods-firebase.release.xcconfig */;
			buildSettings = {
				ASSETCATALOG_COMPILER_APPICON_NAME = AppIcon;
				INFOPLIST_FILE = firebase/Info.plist;
				LD_RUNPATH_SEARCH_PATHS = "$(inherited) @executable_path/Frameworks";
				PRODUCT_BUNDLE_IDENTIFIER = com.silver.firebase;
				PRODUCT_NAME = "$(TARGET_NAME)";
			};
			name = Release;
		};
		D7EDFEB21FA4F37B004CD2BC /* Debug */ = {
			isa = XCBuildConfiguration;
			baseConfigurationReference = 39B488583E7E96E89F6EDA02 /* Pods-firebaseTests.debug.xcconfig */;
			buildSettings = {
				BUNDLE_LOADER = "$(TEST_HOST)";
				INFOPLIST_FILE = firebaseTests/Info.plist;
				LD_RUNPATH_SEARCH_PATHS = "$(inherited) @executable_path/Frameworks @loader_path/Frameworks";
				PRODUCT_BUNDLE_IDENTIFIER = com.silver.firebaseTests;
				PRODUCT_NAME = "$(TARGET_NAME)";
				TEST_HOST = "$(BUILT_PRODUCTS_DIR)/firebase.app/firebase";
			};
			name = Debug;
		};
		D7EDFEB31FA4F37B004CD2BC /* Release */ = {
			isa = XCBuildConfiguration;
			baseConfigurationReference = 0F467970C1970656631ACBD0 /* Pods-firebaseTests.release.xcconfig */;
			buildSettings = {
				BUNDLE_LOADER = "$(TEST_HOST)";
				INFOPLIST_FILE = firebaseTests/Info.plist;
				LD_RUNPATH_SEARCH_PATHS = "$(inherited) @executable_path/Frameworks @loader_path/Frameworks";
				PRODUCT_BUNDLE_IDENTIFIER = com.silver.firebaseTests;
				PRODUCT_NAME = "$(TARGET_NAME)";
				TEST_HOST = "$(BUILT_PRODUCTS_DIR)/firebase.app/firebase";
			};
			name = Release;
		};
		D7EDFEB51FA4F37B004CD2BC /* Debug */ = {
			isa = XCBuildConfiguration;
			baseConfigurationReference = E2B599F3F065261B97975297 /* Pods-firebaseUITests.debug.xcconfig */;
			buildSettings = {
				INFOPLIST_FILE = firebaseUITests/Info.plist;
				LD_RUNPATH_SEARCH_PATHS = "$(inherited) @executable_path/Frameworks @loader_path/Frameworks";
				PRODUCT_BUNDLE_IDENTIFIER = com.silver.firebaseUITests;
				PRODUCT_NAME = "$(TARGET_NAME)";
				TEST_TARGET_NAME = firebase;
			};
			name = Debug;
		};
		D7EDFEB61FA4F37B004CD2BC /* Release */ = {
			isa = XCBuildConfiguration;
			baseConfigurationReference = A2FD22D7586C9FBD08C953F7 /* Pods-firebaseUITests.release.xcconfig */;
			buildSettings = {
				INFOPLIST_FILE = firebaseUITests/Info.plist;
				LD_RUNPATH_SEARCH_PATHS = "$(inherited) @executable_path/Frameworks @loader_path/Frameworks";
				PRODUCT_BUNDLE_IDENTIFIER = com.silver.firebaseUITests;
				PRODUCT_NAME = "$(TARGET_NAME)";
				TEST_TARGET_NAME = firebase;
			};
			name = Release;
		};
/* End XCBuildConfiguration section */

/* Begin XCConfigurationList section */
		D7EDFE7C1FA4F37A004CD2BC /* Build configuration list for PBXProject "firebase" */ = {
			isa = XCConfigurationList;
			buildConfigurations = (
				D7EDFEAC1FA4F37B004CD2BC /* Debug */,
				D7EDFEAD1FA4F37B004CD2BC /* Release */,
			);
			defaultConfigurationIsVisible = 0;
			defaultConfigurationName = Release;
		};
		D7EDFEAE1FA4F37B004CD2BC /* Build configuration list for PBXNativeTarget "firebase" */ = {
			isa = XCConfigurationList;
			buildConfigurations = (
				D7EDFEAF1FA4F37B004CD2BC /* Debug */,
				D7EDFEB01FA4F37B004CD2BC /* Release */,
			);
			defaultConfigurationIsVisible = 0;
			defaultConfigurationName = Release;
		};
		D7EDFEB11FA4F37B004CD2BC /* Build configuration list for PBXNativeTarget "firebaseTests" */ = {
			isa = XCConfigurationList;
			buildConfigurations = (
				D7EDFEB21FA4F37B004CD2BC /* Debug */,
				D7EDFEB31FA4F37B004CD2BC /* Release */,
			);
			defaultConfigurationIsVisible = 0;
			defaultConfigurationName = Release;
		};
		D7EDFEB41FA4F37B004CD2BC /* Build configuration list for PBXNativeTarget "firebaseUITests" */ = {
			isa = XCConfigurationList;
			buildConfigurations = (
				D7EDFEB51FA4F37B004CD2BC /* Debug */,
				D7EDFEB61FA4F37B004CD2BC /* Release */,
			);
			defaultConfigurationIsVisible = 0;
			defaultConfigurationName = Release;
		};
/* End XCConfigurationList section */
	};
	rootObject = D7EDFE791FA4F37A004CD2BC /* Project object */;
}
